
Microsoft Visual Studio Solution File, Format Version 12.00
# Visual Studio Version 16
VisualStudioVersion = 16.0.29519.181
MinimumVisualStudioVersion = 10.0.40219.1
Project("{9A19103F-16F7-4668-BE54-9A1E7A4F7556}") = "NAudio.Lame", "NAudio.Lame\NAudio.Lame.csproj", "{17FF69B9-D0A6-440E-B379-2A1327D5E0CD}"
	ProjectSection(ProjectDependencies) = postProject
		{891B880A-0A85-48A9-B785-5BCE5DCEBC22} = {891B880A-0A85-48A9-B785-5BCE5DCEBC22}
	EndProjectSection
EndProject
Project("{9A19103F-16F7-4668-BE54-9A1E7A4F7556}") = "LameDLLWrap", "LameDLLWrap\LameDLLWrap.csproj", "{891B880A-0A85-48A9-B785-5BCE5DCEBC22}"
EndProject
Project("{2150E333-8FDC-42A3-9474-1A3956D46DE8}") = "NuGet", "NuGet", "{4CB3247B-DBD1-4E84-A6F5-DF88D39E7764}"
	ProjectSection(SolutionItems) = preProject
		NAudio.Lame.2.0.0.nuspec = NAudio.Lame.2.0.0.nuspec
		NAudio.Lame.targets = NAudio.Lame.targets
	EndProjectSection
EndProject
Project("{2150E333-8FDC-42A3-9474-1A3956D46DE8}") = "GitHub", "GitHub", "{1D6D2A07-C056-4D03-BCAA-DE3B954A361A}"
	ProjectSection(SolutionItems) = preProject
		README.md = README.md
	EndProjectSection
EndProject
Project("{FAE04EC0-301F-11D3-BF4B-00C04F79EFBC}") = "Lame.Test.Framework", "Lame.Test.Framework\Lame.Test.Framework.csproj", "{DF68A50E-1072-4C6B-89F7-6B7CCDB7AE5D}"
	ProjectSection(ProjectDependencies) = postProject
		{17FF69B9-D0A6-440E-B379-2A1327D5E0CD} = {17FF69B9-D0A6-440E-B379-2A1327D5E0CD}
	EndProjectSection
EndProject
Project("{9A19103F-16F7-4668-BE54-9A1E7A4F7556}") = "Lame.Test.Core", "Lame.Test.Core\Lame.Test.Core.csproj", "{8E826CC5-1821-4529-8746-C6653586C5E4}"
	ProjectSection(ProjectDependencies) = postProject
		{17FF69B9-D0A6-440E-B379-2A1327D5E0CD} = {17FF69B9-D0A6-440E-B379-2A1327D5E0CD}
	EndProjectSection
EndProject
Global
	GlobalSection(SolutionConfigurationPlatforms) = preSolution
		Debug|Any CPU = Debug|Any CPU
		Debug|x64 = Debug|x64
		Debug|x86 = Debug|x86
		Release|Any CPU = Release|Any CPU
		Release|x64 = Release|x64
		Release|x86 = Release|x86
	EndGlobalSection
	GlobalSection(ProjectConfigurationPlatforms) = postSolution
		{17FF69B9-D0A6-440E-B379-2A1327D5E0CD}.Debug|Any CPU.ActiveCfg = Debug|Any CPU
		{17FF69B9-D0A6-440E-B379-2A1327D5E0CD}.Debug|Any CPU.Build.0 = Debug|Any CPU
		{17FF69B9-D0A6-440E-B379-2A1327D5E0CD}.Debug|x64.ActiveCfg = Debug|Any CPU
		{17FF69B9-D0A6-440E-B379-2A1327D5E0CD}.Debug|x86.ActiveCfg = Debug|Any CPU
		{17FF69B9-D0A6-440E-B379-2A1327D5E0CD}.Release|Any CPU.ActiveCfg = Release|Any CPU
		{17FF69B9-D0A6-440E-B379-2A1327D5E0CD}.Release|Any CPU.Build.0 = Release|Any CPU
		{17FF69B9-D0A6-440E-B379-2A1327D5E0CD}.Release|x64.ActiveCfg = Release|Any CPU
		{17FF69B9-D0A6-440E-B379-2A1327D5E0CD}.Release|x86.ActiveCfg = Release|Any CPU
		{891B880A-0A85-48A9-B785-5BCE5DCEBC22}.Debug|Any CPU.ActiveCfg = Debug|x86
		{891B880A-0A85-48A9-B785-5BCE5DCEBC22}.Debug|x64.ActiveCfg = Debug|x64
		{891B880A-0A85-48A9-B785-5BCE5DCEBC22}.Debug|x64.Build.0 = Debug|x64
		{891B880A-0A85-48A9-B785-5BCE5DCEBC22}.Debug|x86.ActiveCfg = Debug|x86
		{891B880A-0A85-48A9-B785-5BCE5DCEBC22}.Debug|x86.Build.0 = Debug|x86
		{891B880A-0A85-48A9-B785-5BCE5DCEBC22}.Release|Any CPU.ActiveCfg = Release|x86
		{891B880A-0A85-48A9-B785-5BCE5DCEBC22}.Release|x64.ActiveCfg = Release|x64
		{891B880A-0A85-48A9-B785-5BCE5DCEBC22}.Release|x64.Build.0 = Release|x64
		{891B880A-0A85-48A9-B785-5BCE5DCEBC22}.Release|x86.ActiveCfg = Release|x86
		{891B880A-0A85-48A9-B785-5BCE5DCEBC22}.Release|x86.Build.0 = Release|x86
		{DF68A50E-1072-4C6B-89F7-6B7CCDB7AE5D}.Debug|Any CPU.ActiveCfg = Debug|Any CPU
		{DF68A50E-1072-4C6B-89F7-6B7CCDB7AE5D}.Debug|Any CPU.Build.0 = Debug|Any CPU
		{DF68A50E-1072-4C6B-89F7-6B7CCDB7AE5D}.Debug|x64.ActiveCfg = Debug|Any CPU
		{DF68A50E-1072-4C6B-89F7-6B7CCDB7AE5D}.Debug|x64.Build.0 = Debug|Any CPU
		{DF68A50E-1072-4C6B-89F7-6B7CCDB7AE5D}.Debug|x86.ActiveCfg = Debug|Any CPU
		{DF68A50E-1072-4C6B-89F7-6B7CCDB7AE5D}.Debug|x86.Build.0 = Debug|Any CPU
		{DF68A50E-1072-4C6B-89F7-6B7CCDB7AE5D}.Release|Any CPU.ActiveCfg = Release|Any CPU
		{DF68A50E-1072-4C6B-89F7-6B7CCDB7AE5D}.Release|Any CPU.Build.0 = Release|Any CPU
		{DF68A50E-1072-4C6B-89F7-6B7CCDB7AE5D}.Release|x64.ActiveCfg = Release|Any CPU
		{DF68A50E-1072-4C6B-89F7-6B7CCDB7AE5D}.Release|x64.Build.0 = Release|Any CPU
		{DF68A50E-1072-4C6B-89F7-6B7CCDB7AE5D}.Release|x86.ActiveCfg = Release|Any CPU
		{DF68A50E-1072-4C6B-89F7-6B7CCDB7AE5D}.Release|x86.Build.0 = Release|Any CPU
		{8E826CC5-1821-4529-8746-C6653586C5E4}.Debug|Any CPU.ActiveCfg = Debug|Any CPU
		{8E826CC5-1821-4529-8746-C6653586C5E4}.Debug|Any CPU.Build.0 = Debug|Any CPU
		{8E826CC5-1821-4529-8746-C6653586C5E4}.Debug|x64.ActiveCfg = Debug|Any CPU
		{8E826CC5-1821-4529-8746-C6653586C5E4}.Debug|x64.Build.0 = Debug|Any CPU
		{8E826CC5-1821-4529-8746-C6653586C5E4}.Debug|x86.ActiveCfg = Debug|Any CPU
		{8E826CC5-1821-4529-8746-C6653586C5E4}.Debug|x86.Build.0 = Debug|Any CPU
		{8E826CC5-1821-4529-8746-C6653586C5E4}.Release|Any CPU.ActiveCfg = Release|Any CPU
		{8E826CC5-1821-4529-8746-C6653586C5E4}.Release|Any CPU.Build.0 = Release|Any CPU
		{8E826CC5-1821-4529-8746-C6653586C5E4}.Release|x64.ActiveCfg = Release|Any CPU
		{8E826CC5-1821-4529-8746-C6653586C5E4}.Release|x64.Build.0 = Release|Any CPU
		{8E826CC5-1821-4529-8746-C6653586C5E4}.Release|x86.ActiveCfg = Release|Any CPU
		{8E826CC5-1821-4529-8746-C6653586C5E4}.Release|x86.Build.0 = Release|Any CPU
	EndGlobalSection
	GlobalSection(SolutionProperties) = preSolution
		HideSolutionNode = FALSE
	EndGlobalSection
	GlobalSection(ExtensibilityGlobals) = postSolution
		SolutionGuid = {7F20DFD1-D2C7-4DB3-A55B-D40B29879C11}
	EndGlobalSection
EndGlobal
